
Microsoft Visual Studio Solution File, Format Version 12.00
# Visual Studio Version 16
VisualStudioVersion = 16.0.30907.101
MinimumVisualStudioVersion = 10.0.40219.1
Project("{9A19103F-16F7-4668-BE54-9A1E7A4F7556}") = "Entities", "Entities\Entities.csproj", "{72233697-AF85-46A7-B330-B2B8FDA84D86}"
EndProject
Project("{9A19103F-16F7-4668-BE54-9A1E7A4F7556}") = "Business", "Business\Business.csproj", "{6C3C77FF-8713-4FB1-9C78-7894141CA205}"
EndProject
Project("{9A19103F-16F7-4668-BE54-9A1E7A4F7556}") = "DataAccess", "DataAccess\DataAccess.csproj", "{DF957289-908D-4C06-855D-B39FCFE959BA}"
EndProject
Project("{FAE04EC0-301F-11D3-BF4B-00C04F79EFBC}") = "ConsoleUserInterface", "ConsoleUserInterface\ConsoleUserInterface.csproj", "{F1725693-9F22-4BDA-AFDF-83DFD43E5FD7}"
EndProject
Global
	GlobalSection(SolutionConfigurationPlatforms) = preSolution
		Debug|Any CPU = Debug|Any CPU
		Release|Any CPU = Release|Any CPU
	EndGlobalSection
	GlobalSection(ProjectConfigurationPlatforms) = postSolution
		{72233697-AF85-46A7-B330-B2B8FDA84D86}.Debug|Any CPU.ActiveCfg = Debug|Any CPU
		{72233697-AF85-46A7-B330-B2B8FDA84D86}.Debug|Any CPU.Build.0 = Debug|Any CPU
		{72233697-AF85-46A7-B330-B2B8FDA84D86}.Release|Any CPU.ActiveCfg = Release|Any CPU
		{72233697-AF85-46A7-B330-B2B8FDA84D86}.Release|Any CPU.Build.0 = Release|Any CPU
		{6C3C77FF-8713-4FB1-9C78-7894141CA205}.Debug|Any CPU.ActiveCfg = Debug|Any CPU
		{6C3C77FF-8713-4FB1-9C78-7894141CA205}.Debug|Any CPU.Build.0 = Debug|Any CPU
		{6C3C77FF-8713-4FB1-9C78-7894141CA205}.Release|Any CPU.ActiveCfg = Release|Any CPU
		{6C3C77FF-8713-4FB1-9C78-7894141CA205}.Release|Any CPU.Build.0 = Release|Any CPU
		{DF957289-908D-4C06-855D-B39FCFE959BA}.Debug|Any CPU.ActiveCfg = Debug|Any CPU
		{DF957289-908D-4C06-855D-B39FCFE959BA}.Debug|Any CPU.Build.0 = Debug|Any CPU
		{DF957289-908D-4C06-855D-B39FCFE959BA}.Release|Any CPU.ActiveCfg = Release|Any CPU
		{DF957289-908D-4C06-855D-B39FCFE959BA}.Release|Any CPU.Build.0 = Release|Any CPU
		{F1725693-9F22-4BDA-AFDF-83DFD43E5FD7}.Debug|Any CPU.ActiveCfg = Debug|Any CPU
		{F1725693-9F22-4BDA-AFDF-83DFD43E5FD7}.Debug|Any CPU.Build.0 = Debug|Any CPU
		{F1725693-9F22-4BDA-AFDF-83DFD43E5FD7}.Release|Any CPU.ActiveCfg = Release|Any CPU
		{F1725693-9F22-4BDA-AFDF-83DFD43E5FD7}.Release|Any CPU.Build.0 = Release|Any CPU
	EndGlobalSection
	GlobalSection(SolutionProperties) = preSolution
		HideSolutionNode = FALSE
	EndGlobalSection
	GlobalSection(ExtensibilityGlobals) = postSolution
		SolutionGuid = {63D3DB01-68B8-4D53-8ABE-5CDEC75AF299}
	EndGlobalSection
EndGlobal
